
Microsoft Visual Studio Solution File, Format Version 12.00
# Visual Studio 15
VisualStudioVersion = 15.0.28307.779
MinimumVisualStudioVersion = 10.0.40219.1
Project("{888888A0-9F3D-457C-B088-3A5042F75D52}") = "Hopfiled", "Hopfiled\Hopfiled.pyproj", "{2D0E79C9-9886-4138-B7B4-A224E2B58EEA}"
EndProject
Global
	GlobalSection(SolutionConfigurationPlatforms) = preSolution
		Debug|Any CPU = Debug|Any CPU
		Release|Any CPU = Release|Any CPU
	EndGlobalSection
	GlobalSection(ProjectConfigurationPlatforms) = postSolution
		{2D0E79C9-9886-4138-B7B4-A224E2B58EEA}.Debug|Any CPU.ActiveCfg = Debug|Any CPU
		{2D0E79C9-9886-4138-B7B4-A224E2B58EEA}.Release|Any CPU.ActiveCfg = Release|Any CPU
	EndGlobalSection
	GlobalSection(SolutionProperties) = preSolution
		HideSolutionNode = FALSE
	EndGlobalSection
	GlobalSection(ExtensibilityGlobals) = postSolution
		SolutionGuid = {A382AA74-F15B-4C4E-8777-628A381E21BE}
	EndGlobalSection
EndGlobal
